
Microsoft Visual Studio Solution File, Format Version 12.00
# Visual Studio 15
VisualStudioVersion = 15.0.27130.2010
MinimumVisualStudioVersion = 10.0.40219.1
Project("{FAE04EC0-301F-11D3-BF4B-00C04F79EFBC}") = "ng5signon", "ng5signon\ng5signon.csproj", "{9564634A-ED42-4A1D-8B31-B01A3A861D72}"
EndProject
Global
	GlobalSection(SolutionConfigurationPlatforms) = preSolution
		Debug|Any CPU = Debug|Any CPU
		Release|Any CPU = Release|Any CPU
	EndGlobalSection
	GlobalSection(ProjectConfigurationPlatforms) = postSolution
		{9564634A-ED42-4A1D-8B31-B01A3A861D72}.Debug|Any CPU.ActiveCfg = Debug|Any CPU
		{9564634A-ED42-4A1D-8B31-B01A3A861D72}.Debug|Any CPU.Build.0 = Debug|Any CPU
		{9564634A-ED42-4A1D-8B31-B01A3A861D72}.Release|Any CPU.ActiveCfg = Release|Any CPU
		{9564634A-ED42-4A1D-8B31-B01A3A861D72}.Release|Any CPU.Build.0 = Release|Any CPU
	EndGlobalSection
	GlobalSection(SolutionProperties) = preSolution
		HideSolutionNode = FALSE
	EndGlobalSection
	GlobalSection(ExtensibilityGlobals) = postSolution
		SolutionGuid = {AA14A362-0CFA-43EE-A33D-A047B846FC84}
	EndGlobalSection
EndGlobal
